<?xml version="1.0" encoding="utf-8"?>
<Project ToolsVersion="4.0" xmlns="http://schemas.microsoft.com/developer/msbuild/2003">
  <ItemGroup>
    <Filter Include="Header Files">
      <UniqueIdentifier>{93995380-89BD-4b04-88EB-625FBE52EBFB}</UniqueIdentifier>
      <Extensions>h;hpp;hxx;hm;inl;inc;xsd</Extensions>
    </Filter>
    <Filter Include="Resource Files">
      <UniqueIdentifier>{67DA6AB6-F800-4c08-8B7A-83BB121AAD01}</UniqueIdentifier>
      <Extensions>rc;ico;cur;bmp;dlg;rc2;rct;bin;rgs;gif;jpg;jpeg;jpe;resx;tiff;tif;png;wav</Extensions>
    </Filter>
    <Filter Include="Source Files">
      <UniqueIdentifier>{4FC737F1-C7A5-4376-A066-2A32D752A2FF}</UniqueIdentifier>
      <Extensions>cpp;c;cc;cxx;def;odl;idl;hpj;bat;asm;asmx</Extensions>
    </Filter>
    <Filter Include="Header Files\1 Demos">
      <UniqueIdentifier>{4af3086a-f0ad-4421-8647-84b711bdf81f}</UniqueIdentifier>
    </Filter>
    <Filter Include="Header Files\1 Framework">
      <UniqueIdentifier>{4e4a6a07-d337-42ef-975e-413637bbb864}</UniqueIdentifier>
    </Filter>
    <Filter Include="Header Files\2 Advanced Framework">
      <UniqueIdentifier>{4131a9d2-db12-4b0d-8585-d40d60aa4b87}</UniqueIdentifier>
    </Filter>
    <Filter Include="Header Files\2 More Advanced Demos">
      <UniqueIdentifier>{74cd58c5-7fe5-46ff-9a3f-60771564d165}</UniqueIdentifier>
    </Filter>
    <Filter Include="Header Files\3 Very Advanced Cards Demo">
      <UniqueIdentifier>{1e15440c-2c6a-490a-8f8d-7aa781f7a0c9}</UniqueIdentifier>
    </Filter>
    <Filter Include="Source Files\2 Advanced Framework">
      <UniqueIdentifier>{7fc5a5ec-fa7d-4739-b176-6f5538b86764}</UniqueIdentifier>
    </Filter>
    <Filter Include="Source Files\1 Demos">
      <UniqueIdentifier>{43825ca5-b5e1-402d-a57a-be1b7f41d1ae}</UniqueIdentifier>
    </Filter>
    <Filter Include="Source Files\1 Framework">
      <UniqueIdentifier>{82649680-6f01-4f4b-9016-33d2f9930b72}</UniqueIdentifier>
    </Filter>
    <Filter Include="Source Files\2 More Advanced Demos">
      <UniqueIdentifier>{928099e3-f64c-47db-903a-8620e0f84f30}</UniqueIdentifier>
    </Filter>
    <Filter Include="Source Files\3 Very Advanced Cards Demo">
      <UniqueIdentifier>{e8366b83-b6ea-4055-9a30-9447a56196f7}</UniqueIdentifier>
    </Filter>
    <Filter Include="Header Files\ksp2d">
      <UniqueIdentifier>{4ae79d46-876c-481f-bb24-eeb06ff526cb}</UniqueIdentifier>
    </Filter>
    <Filter Include="Header Files\ksp2d\rapidjson">
      <UniqueIdentifier>{798292fa-a018-4e19-b822-a9c899f1557f}</UniqueIdentifier>
    </Filter>
    <Filter Include="Header Files\ksp2d\SDL2_gfx">
      <UniqueIdentifier>{0a377dd7-f8fe-46d0-ae51-201262de554e}</UniqueIdentifier>
    </Filter>
    <Filter Include="Source Files\ksp2d">
      <UniqueIdentifier>{0206073e-09d1-4798-a368-db0db355f71b}</UniqueIdentifier>
    </Filter>
    <Filter Include="Source Files\ksp2d\SDL2_gfx">
      <UniqueIdentifier>{ecd3c2b0-f00a-48c3-afc8-dd66db8f01bd}</UniqueIdentifier>
    </Filter>
  </ItemGroup>
  <ItemGroup>
    <ClInclude Include="header.h">
      <Filter>Header Files</Filter>
    </ClInclude>
    <ClInclude Include="BaseEngine.h">
      <Filter>Header Files\1 Framework</Filter>
    </ClInclude>
    <ClInclude Include="DisplayableObject.h">
      <Filter>Header Files\1 Framework</Filter>
    </ClInclude>
    <ClInclude Include="FontManager.h">
      <Filter>Header Files\1 Framework</Filter>
    </ClInclude>
    <ClInclude Include="MovementPosition.h">
      <Filter>Header Files\1 Framework</Filter>
    </ClInclude>
    <ClInclude Include="templates.h">
      <Filter>Header Files\1 Framework</Filter>
    </ClInclude>
    <ClInclude Include="TileManager.h">
      <Filter>Header Files\1 Framework</Filter>
    </ClInclude>
    <ClInclude Include="BouncingBall.h">
      <Filter>Header Files\1 Demos</Filter>
    </ClInclude>
    <ClInclude Include="BouncingBallMain.h">
      <Filter>Header Files\1 Demos</Filter>
    </ClInclude>
    <ClInclude Include="SimpleDemo.h">
      <Filter>Header Files\1 Demos</Filter>
    </ClInclude>
    <ClInclude Include="MazeDemoMain.h">
      <Filter>Header Files\1 Demos</Filter>
    </ClInclude>
    <ClInclude Include="MazeDemoObject.h">
      <Filter>Header Files\1 Demos</Filter>
    </ClInclude>
    <ClInclude Include="MazeDemoTileManager.h">
      <Filter>Header Files\1 Demos</Filter>
    </ClInclude>
    <ClInclude Include="ImageObject.h">
      <Filter>Header Files\1 Framework</Filter>
    </ClInclude>
    <ClInclude Include="CardOrTile.h">
      <Filter>Header Files\3 Very Advanced Cards Demo</Filter>
    </ClInclude>
    <ClInclude Include="CardContainer.h">
      <Filter>Header Files\3 Very Advanced Cards Demo</Filter>
    </ClInclude>
    <ClInclude Include="DragableTokenContainer.h">
      <Filter>Header Files\3 Very Advanced Cards Demo</Filter>
    </ClInclude>
    <ClInclude Include="DragableToken.h">
      <Filter>Header Files\3 Very Advanced Cards Demo</Filter>
    </ClInclude>
    <ClInclude Include="Notify.h">
      <Filter>Header Files\3 Very Advanced Cards Demo</Filter>
    </ClInclude>
    <ClInclude Include="TokenTray.h">
      <Filter>Header Files\3 Very Advanced Cards Demo</Filter>
    </ClInclude>
    <ClInclude Include="PlayingCardsDemo.h">
      <Filter>Header Files\3 Very Advanced Cards Demo</Filter>
    </ClInclude>
    <ClInclude Include="RawImage.h">
      <Filter>Header Files\2 Advanced Framework</Filter>
    </ClInclude>
    <ClInclude Include="DragableObject.h">
      <Filter>Header Files\2 Advanced Framework</Filter>
    </ClInclude>
    <ClInclude Include="FilterPoints.h">
      <Filter>Header Files\2 Advanced Framework</Filter>
    </ClInclude>
    <ClInclude Include="DisplayableObjectContainer.h">
      <Filter>Header Files\1 Framework</Filter>
    </ClInclude>
    <ClInclude Include="DragAlignment.h">
      <Filter>Header Files\2 Advanced Framework</Filter>
    </ClInclude>
    <ClInclude Include="DrawingFilters.h">
      <Filter>Header Files\2 Advanced Framework</Filter>
    </ClInclude>
    <ClInclude Include="DrawingSurface.h">
      <Filter>Header Files\2 Advanced Framework</Filter>
    </ClInclude>
    <ClInclude Include="DraggingDemo.h">
      <Filter>Header Files\2 More Advanced Demos</Filter>
    </ClInclude>
    <ClInclude Include="ZoomingDemo.h">
      <Filter>Header Files\2 More Advanced Demos</Filter>
    </ClInclude>
    <ClInclude Include="CollisionDetection.h">
      <Filter>Header Files\1 Framework</Filter>
    </ClInclude>
    <ClInclude Include="DragableImageObject.h">
      <Filter>Header Files\2 Advanced Framework</Filter>
    </ClInclude>
    <ClInclude Include="ImageManager.h">
      <Filter>Header Files\1 Framework</Filter>
    </ClInclude>
    <ClInclude Include="SimpleImage.h">
      <Filter>Header Files\1 Framework</Filter>
    </ClInclude>
    <ClInclude Include="BouncingObject.h">
      <Filter>Header Files\1 Demos</Filter>
    </ClInclude>
    <ClInclude Include="BouncingImageObject.h">
      <Filter>Header Files\1 Demos</Filter>
    </ClInclude>
    <ClInclude Include="ImageObjectDemo.h">
      <Filter>Header Files\1 Demos</Filter>
    </ClInclude>
    <ClInclude Include="SimpleTrig.h">
      <Filter>Header Files\2 Advanced Framework</Filter>
    </ClInclude>
    <ClInclude Include="SimpleFlashingDragableImageObject.h">
      <Filter>Header Files\2 Advanced Framework</Filter>
    </ClInclude>
    <ClInclude Include="StarfieldDemo.h">
      <Filter>Header Files\2 More Advanced Demos</Filter>
    </ClInclude>
    <ClInclude Include="FlashingDemo.h">
      <Filter>Header Files\2 More Advanced Demos</Filter>
    </ClInclude>
    <ClInclude Include="DragableBaseClassObject.h">
      <Filter>Header Files\2 Advanced Framework</Filter>
    </ClInclude>
    <ClInclude Include="JasonsDemoA.h">
      <Filter>Header Files\1 Demos</Filter>
    </ClInclude>
    <ClInclude Include="JasonsObjectA.h">
      <Filter>Header Files\1 Demos</Filter>
    </ClInclude>
    <ClInclude Include="JasonsTileManager.h">
      <Filter>Header Files\1 Demos</Filter>
    </ClInclude>
    <ClInclude Include="CoordinateMapping.h">
      <Filter>Header Files\2 Advanced Framework</Filter>
    </ClInclude>
    <ClInclude Include="ImageMappingDemo.h">
      <Filter>Header Files\2 More Advanced Demos</Filter>
    </ClInclude>
    <ClInclude Include="MappableImageObject.h">
      <Filter>Header Files\2 Advanced Framework</Filter>
    </ClInclude>
    <ClInclude Include="JigsawDemo.h">
      <Filter>Header Files\2 More Advanced Demos</Filter>
    </ClInclude>
    <ClInclude Include="JigsawPiece.h">
      <Filter>Header Files\2 More Advanced Demos</Filter>
    </ClInclude>
    <ClInclude Include="rapidjson\allocators.h">
      <Filter>Header Files\ksp2d\rapidjson</Filter>
    </ClInclude>
    <ClInclude Include="rapidjson\cursorstreamwrapper.h">
      <Filter>Header Files\ksp2d\rapidjson</Filter>
    </ClInclude>
    <ClInclude Include="rapidjson\document.h">
      <Filter>Header Files\ksp2d\rapidjson</Filter>
    </ClInclude>
    <ClInclude Include="rapidjson\encodedstream.h">
      <Filter>Header Files\ksp2d\rapidjson</Filter>
    </ClInclude>
    <ClInclude Include="rapidjson\encodings.h">
      <Filter>Header Files\ksp2d\rapidjson</Filter>
    </ClInclude>
    <ClInclude Include="rapidjson\filereadstream.h">
      <Filter>Header Files\ksp2d\rapidjson</Filter>
    </ClInclude>
    <ClInclude Include="rapidjson\filewritestream.h">
      <Filter>Header Files\ksp2d\rapidjson</Filter>
    </ClInclude>
    <ClInclude Include="rapidjson\fwd.h">
      <Filter>Header Files\ksp2d\rapidjson</Filter>
    </ClInclude>
    <ClInclude Include="rapidjson\istreamwrapper.h">
      <Filter>Header Files\ksp2d\rapidjson</Filter>
    </ClInclude>
    <ClInclude Include="rapidjson\memorybuffer.h">
      <Filter>Header Files\ksp2d\rapidjson</Filter>
    </ClInclude>
    <ClInclude Include="rapidjson\memorystream.h">
      <Filter>Header Files\ksp2d\rapidjson</Filter>
    </ClInclude>
    <ClInclude Include="rapidjson\ostreamwrapper.h">
      <Filter>Header Files\ksp2d\rapidjson</Filter>
    </ClInclude>
    <ClInclude Include="rapidjson\pointer.h">
      <Filter>Header Files\ksp2d\rapidjson</Filter>
    </ClInclude>
    <ClInclude Include="rapidjson\prettywriter.h">
      <Filter>Header Files\ksp2d\rapidjson</Filter>
    </ClInclude>
    <ClInclude Include="rapidjson\rapidjson.h">
      <Filter>Header Files\ksp2d\rapidjson</Filter>
    </ClInclude>
    <ClInclude Include="rapidjson\reader.h">
      <Filter>Header Files\ksp2d\rapidjson</Filter>
    </ClInclude>
    <ClInclude Include="rapidjson\schema.h">
      <Filter>Header Files\ksp2d\rapidjson</Filter>
    </ClInclude>
    <ClInclude Include="rapidjson\stream.h">
      <Filter>Header Files\ksp2d\rapidjson</Filter>
    </ClInclude>
    <ClInclude Include="rapidjson\stringbuffer.h">
      <Filter>Header Files\ksp2d\rapidjson</Filter>
    </ClInclude>
    <ClInclude Include="rapidjson\writer.h">
      <Filter>Header Files\ksp2d\rapidjson</Filter>
    </ClInclude>
    <ClInclude Include="rapidjson\msinttypes\inttypes.h">
      <Filter>Header Files\ksp2d\rapidjson</Filter>
    </ClInclude>
    <ClInclude Include="rapidjson\msinttypes\stdint.h">
      <Filter>Header Files\ksp2d\rapidjson</Filter>
    </ClInclude>
    <ClInclude Include="rapidjson\internal\biginteger.h">
      <Filter>Header Files\ksp2d\rapidjson</Filter>
    </ClInclude>
    <ClInclude Include="rapidjson\internal\clzll.h">
      <Filter>Header Files\ksp2d\rapidjson</Filter>
    </ClInclude>
    <ClInclude Include="rapidjson\internal\diyfp.h">
      <Filter>Header Files\ksp2d\rapidjson</Filter>
    </ClInclude>
    <ClInclude Include="rapidjson\internal\dtoa.h">
      <Filter>Header Files\ksp2d\rapidjson</Filter>
    </ClInclude>
    <ClInclude Include="rapidjson\internal\ieee754.h">
      <Filter>Header Files\ksp2d\rapidjson</Filter>
    </ClInclude>
    <ClInclude Include="rapidjson\internal\itoa.h">
      <Filter>Header Files\ksp2d\rapidjson</Filter>
    </ClInclude>
    <ClInclude Include="rapidjson\internal\meta.h">
      <Filter>Header Files\ksp2d\rapidjson</Filter>
    </ClInclude>
    <ClInclude Include="rapidjson\internal\pow10.h">
      <Filter>Header Files\ksp2d\rapidjson</Filter>
    </ClInclude>
    <ClInclude Include="rapidjson\internal\regex.h">
      <Filter>Header Files\ksp2d\rapidjson</Filter>
    </ClInclude>
    <ClInclude Include="rapidjson\internal\stack.h">
      <Filter>Header Files\ksp2d\rapidjson</Filter>
    </ClInclude>
    <ClInclude Include="rapidjson\internal\strfunc.h">
      <Filter>Header Files\ksp2d\rapidjson</Filter>
    </ClInclude>
    <ClInclude Include="rapidjson\internal\strtod.h">
      <Filter>Header Files\ksp2d\rapidjson</Filter>
    </ClInclude>
    <ClInclude Include="rapidjson\internal\swap.h">
      <Filter>Header Files\ksp2d\rapidjson</Filter>
    </ClInclude>
    <ClInclude Include="rapidjson\error\en.h">
      <Filter>Header Files\ksp2d\rapidjson</Filter>
    </ClInclude>
    <ClInclude Include="rapidjson\error\error.h">
      <Filter>Header Files\ksp2d\rapidjson</Filter>
    </ClInclude>
    <ClInclude Include="SDL2_gfx\include\SDL2_rotozoom.h">
      <Filter>Header Files\ksp2d\SDL2_gfx</Filter>
    </ClInclude>
    <ClInclude Include="SDL2_gfx\include\SDL2_framerate.h">
      <Filter>Header Files\ksp2d\SDL2_gfx</Filter>
    </ClInclude>
    <ClInclude Include="SDL2_gfx\include\SDL2_gfxPrimitives.h">
      <Filter>Header Files\ksp2d\SDL2_gfx</Filter>
    </ClInclude>
    <ClInclude Include="SDL2_gfx\include\SDL2_gfxPrimitives_font.h">
      <Filter>Header Files\ksp2d\SDL2_gfx</Filter>
    </ClInclude>
    <ClInclude Include="SDL2_gfx\include\SDL2_imageFilter.h">
      <Filter>Header Files\ksp2d\SDL2_gfx</Filter>
    </ClInclude>
    <ClInclude Include="AnimatedSprite.h">
      <Filter>Header Files\ksp2d</Filter>
    </ClInclude>
    <ClInclude Include="AntennaGadget.h">
      <Filter>Header Files\ksp2d</Filter>
    </ClInclude>
    <ClInclude Include="BasicSpacecraft.h">
      <Filter>Header Files\ksp2d</Filter>
    </ClInclude>
    <ClInclude Include="BuilderUI.h">
      <Filter>Header Files\ksp2d</Filter>
    </ClInclude>
    <ClInclude Include="CelestialBody.h">
      <Filter>Header Files\ksp2d</Filter>
    </ClInclude>
    <ClInclude Include="ControllerGadget.h">
      <Filter>Header Files\ksp2d</Filter>
    </ClInclude>
    <ClInclude Include="CrewContainerGadget.h">
      <Filter>Header Files\ksp2d</Filter>
    </ClInclude>
    <ClInclude Include="DecouplerGadget.h">
      <Filter>Header Files\ksp2d</Filter>
    </ClInclude>
    <ClInclude Include="FastVec2D.h">
      <Filter>Header Files\ksp2d</Filter>
    </ClInclude>
    <ClInclude Include="FuelThrusterGadget.h">
      <Filter>Header Files\ksp2d</Filter>
    </ClInclude>
    <ClInclude Include="Gadget.h">
      <Filter>Header Files\ksp2d</Filter>
    </ClInclude>
    <ClInclude Include="Gadgets.h">
      <Filter>Header Files\ksp2d</Filter>
    </ClInclude>
    <ClInclude Include="GUIButton.h">
      <Filter>Header Files\ksp2d</Filter>
    </ClInclude>
    <ClInclude Include="GUIManager.h">
      <Filter>Header Files\ksp2d</Filter>
    </ClInclude>
    <ClInclude Include="GUISlider.h">
      <Filter>Header Files\ksp2d</Filter>
    </ClInclude>
    <ClInclude Include="GUITextbox.h">
      <Filter>Header Files\ksp2d</Filter>
    </ClInclude>
    <ClInclude Include="IonThrusterGadget.h">
      <Filter>Header Files\ksp2d</Filter>
    </ClInclude>
    <ClInclude Include="KSP.h">
      <Filter>Header Files\ksp2d</Filter>
    </ClInclude>
    <ClInclude Include="KSP2D.h">
      <Filter>Header Files\ksp2d</Filter>
    </ClInclude>
    <ClInclude Include="KSPFilterPoints.h">
      <Filter>Header Files\ksp2d</Filter>
    </ClInclude>
    <ClInclude Include="KSPMetaManager.h">
      <Filter>Header Files\ksp2d</Filter>
    </ClInclude>
    <ClInclude Include="Mat22.h">
      <Filter>Header Files\ksp2d</Filter>
    </ClInclude>
    <ClInclude Include="MonopropThrusterGadget.h">
      <Filter>Header Files\ksp2d</Filter>
    </ClInclude>
    <ClInclude Include="PartCatalogue.h">
      <Filter>Header Files\ksp2d</Filter>
    </ClInclude>
    <ClInclude Include="PartInfoStructs.h">
      <Filter>Header Files\ksp2d</Filter>
    </ClInclude>
    <ClInclude Include="PartSprite.h">
      <Filter>Header Files\ksp2d</Filter>
    </ClInclude>
    <ClInclude Include="PhysObject.h">
      <Filter>Header Files\ksp2d</Filter>
    </ClInclude>
    <ClInclude Include="Planet.h">
      <Filter>Header Files\ksp2d</Filter>
    </ClInclude>
    <ClInclude Include="PlanetObject.h">
      <Filter>Header Files\ksp2d</Filter>
    </ClInclude>
    <ClInclude Include="Projection.h">
      <Filter>Header Files\ksp2d</Filter>
    </ClInclude>
    <ClInclude Include="ReactionWheelGadget.h">
      <Filter>Header Files\ksp2d</Filter>
    </ClInclude>
    <ClInclude Include="RocketPart.h">
      <Filter>Header Files\ksp2d</Filter>
    </ClInclude>
    <ClInclude Include="SolarPanelGadget.h">
      <Filter>Header Files\ksp2d</Filter>
    </ClInclude>
    <ClInclude Include="Spacecraft.h">
      <Filter>Header Files\ksp2d</Filter>
    </ClInclude>
    <ClInclude Include="SpacecraftControls.h">
      <Filter>Header Files\ksp2d</Filter>
    </ClInclude>
    <ClInclude Include="SpacecraftParts.h">
      <Filter>Header Files\ksp2d</Filter>
    </ClInclude>
    <ClInclude Include="Sun.h">
      <Filter>Header Files\ksp2d</Filter>
    </ClInclude>
    <ClInclude Include="Vec2D.h">
      <Filter>Header Files\ksp2d</Filter>
    </ClInclude>
  </ItemGroup>
  <ItemGroup>
    <ClCompile Include="mainfunction.cpp">
      <Filter>Source Files</Filter>
    </ClCompile>
    <ClCompile Include="BaseEngine.cpp">
      <Filter>Source Files\1 Framework</Filter>
    </ClCompile>
    <ClCompile Include="DisplayableObject.cpp">
      <Filter>Source Files\1 Framework</Filter>
    </ClCompile>
    <ClCompile Include="FontManager.cpp">
      <Filter>Source Files\1 Framework</Filter>
    </ClCompile>
    <ClCompile Include="TileManager.cpp">
      <Filter>Source Files\1 Framework</Filter>
    </ClCompile>
    <ClCompile Include="BouncingBall.cpp">
      <Filter>Source Files\1 Demos</Filter>
    </ClCompile>
    <ClCompile Include="BouncingBallMain.cpp">
      <Filter>Source Files\1 Demos</Filter>
    </ClCompile>
    <ClCompile Include="SimpleDemo.cpp">
      <Filter>Source Files\1 Demos</Filter>
    </ClCompile>
    <ClCompile Include="MazeDemoObject.cpp">
      <Filter>Source Files\1 Demos</Filter>
    </ClCompile>
    <ClCompile Include="MazeDemoMain.cpp">
      <Filter>Source Files\1 Demos</Filter>
    </ClCompile>
    <ClCompile Include="MazeDemoTileManager.cpp">
      <Filter>Source Files\1 Demos</Filter>
    </ClCompile>
    <ClCompile Include="DrawingSurface.cpp">
      <Filter>Source Files\2 Advanced Framework</Filter>
    </ClCompile>
    <ClCompile Include="RawImage.cpp">
      <Filter>Source Files\2 Advanced Framework</Filter>
    </ClCompile>
    <ClCompile Include="ZoomingDemo.cpp">
      <Filter>Source Files\2 More Advanced Demos</Filter>
    </ClCompile>
    <ClCompile Include="DraggingDemo.cpp">
      <Filter>Source Files\2 More Advanced Demos</Filter>
    </ClCompile>
    <ClCompile Include="PlayingCardsDemo.cpp">
      <Filter>Source Files\3 Very Advanced Cards Demo</Filter>
    </ClCompile>
    <ClCompile Include="ImageObjectDemo.cpp">
      <Filter>Source Files\1 Demos</Filter>
    </ClCompile>
    <ClCompile Include="SimpleImage.cpp">
      <Filter>Source Files\1 Framework</Filter>
    </ClCompile>
    <ClCompile Include="JasonsDemoA.cpp">
      <Filter>Source Files\1 Demos</Filter>
    </ClCompile>
    <ClCompile Include="JasonsObjectA.cpp">
      <Filter>Source Files\1 Demos</Filter>
    </ClCompile>
    <ClCompile Include="JasonsTileManager.cpp">
      <Filter>Source Files\1 Demos</Filter>
    </ClCompile>
    <ClCompile Include="ImageMappingDemo.cpp">
      <Filter>Source Files\2 More Advanced Demos</Filter>
    </ClCompile>
    <ClCompile Include="JigsawDemo.cpp">
      <Filter>Source Files\2 More Advanced Demos</Filter>
    </ClCompile>
    <ClCompile Include="FlashingDemo.cpp">
      <Filter>Source Files\2 More Advanced Demos</Filter>
    </ClCompile>
    <ClCompile Include="StarfieldDemo.cpp">
      <Filter>Source Files\2 More Advanced Demos</Filter>
    </ClCompile>
    <ClCompile Include="SDL2_gfx\SDL2_framerate.c">
      <Filter>Source Files\ksp2d\SDL2_gfx</Filter>
    </ClCompile>
    <ClCompile Include="SDL2_gfx\SDL2_gfxPrimitives.c">
      <Filter>Source Files\ksp2d\SDL2_gfx</Filter>
    </ClCompile>
    <ClCompile Include="SDL2_gfx\SDL2_imageFilter.c">
      <Filter>Source Files\ksp2d\SDL2_gfx</Filter>
    </ClCompile>
    <ClCompile Include="SDL2_gfx\SDL2_rotozoom.c">
      <Filter>Source Files\ksp2d\SDL2_gfx</Filter>
    </ClCompile>
    <ClCompile Include="BasicSpacecraft.cpp">
      <Filter>Source Files\ksp2d</Filter>
    </ClCompile>
    <ClCompile Include="BuilderUI.cpp">
      <Filter>Source Files\ksp2d</Filter>
    </ClCompile>
    <ClCompile Include="CelestialBody.cpp">
      <Filter>Source Files\ksp2d</Filter>
    </ClCompile>
    <ClCompile Include="GUIManager.cpp">
      <Filter>Source Files\ksp2d</Filter>
    </ClCompile>
    <ClCompile Include="KSP2D.cpp">
      <Filter>Source Files\ksp2d</Filter>
    </ClCompile>
    <ClCompile Include="KSPMetaManager.cpp">
      <Filter>Source Files\ksp2d</Filter>
    </ClCompile>
    <ClCompile Include="main.cpp">
      <Filter>Source Files\ksp2d</Filter>
    </ClCompile>
    <ClCompile Include="PartCatalogue.cpp">
      <Filter>Source Files\ksp2d</Filter>
    </ClCompile>
    <ClCompile Include="PartSprite.cpp">
      <Filter>Source Files\ksp2d</Filter>
    </ClCompile>
    <ClCompile Include="PhysObject.cpp">
      <Filter>Source Files\ksp2d</Filter>
    </ClCompile>
    <ClCompile Include="PlanetObject.cpp">
      <Filter>Source Files\ksp2d</Filter>
    </ClCompile>
    <ClCompile Include="RocketPart.cpp">
      <Filter>Source Files\ksp2d</Filter>
    </ClCompile>
    <ClCompile Include="Spacecraft.cpp">
      <Filter>Source Files\ksp2d</Filter>
    </ClCompile>
    <ClCompile Include="SpacecraftControls.cpp">
      <Filter>Source Files\ksp2d</Filter>
    </ClCompile>
    <ClCompile Include="SpacecraftParts.cpp">
      <Filter>Source Files\ksp2d</Filter>
    </ClCompile>
  </ItemGroup>
</Project>