<?xml version="1.0" encoding="utf-8"?>
<Project ToolsVersion="4.0" xmlns="http://schemas.microsoft.com/developer/msbuild/2003">
  <ItemGroup>
    <Filter Include="Header Files">
      <UniqueIdentifier>{93995380-89BD-4b04-88EB-625FBE52EBFB}</UniqueIdentifier>
      <Extensions>h;hpp;hxx;hm;inl;inc;xsd</Extensions>
    </Filter>
    <Filter Include="Resource Files">
      <UniqueIdentifier>{67DA6AB6-F800-4c08-8B7A-83BB121AAD01}</UniqueIdentifier>
      <Extensions>rc;ico;cur;bmp;dlg;rc2;rct;bin;rgs;gif;jpg;jpeg;jpe;resx;tiff;tif;png;wav</Extensions>
    </Filter>
    <Filter Include="Source Files">
      <UniqueIdentifier>{4FC737F1-C7A5-4376-A066-2A32D752A2FF}</UniqueIdentifier>
      <Extensions>cpp;c;cc;cxx;def;odl;idl;hpj;bat;asm;asmx</Extensions>
    </Filter>
    <Filter Include="Header Files\1 Framework">
      <UniqueIdentifier>{4e4a6a07-d337-42ef-975e-413637bbb864}</UniqueIdentifier>
    </Filter>
    <Filter Include="Header Files\2 Advanced Framework">
      <UniqueIdentifier>{4131a9d2-db12-4b0d-8585-d40d60aa4b87}</UniqueIdentifier>
    </Filter>
    <Filter Include="Source Files\2 Advanced Framework">
      <UniqueIdentifier>{7fc5a5ec-fa7d-4739-b176-6f5538b86764}</UniqueIdentifier>
    </Filter>
    <Filter Include="Source Files\1 Framework">
      <UniqueIdentifier>{82649680-6f01-4f4b-9016-33d2f9930b72}</UniqueIdentifier>
    </Filter>
    <Filter Include="Source Files\KSP2D">
      <UniqueIdentifier>{0687f5d7-c21d-45da-b6e3-4f450925d5f8}</UniqueIdentifier>
    </Filter>
    <Filter Include="Source Files\KSP2D\GUI">
      <UniqueIdentifier>{c44a9090-3333-4b06-8362-e3f747d96e3d}</UniqueIdentifier>
    </Filter>
    <Filter Include="Source Files\KSP2D\Orbital">
      <UniqueIdentifier>{3511178c-783f-4901-9ef1-8397a7e35037}</UniqueIdentifier>
    </Filter>
    <Filter Include="Source Files\KSP2D\PhysUtils">
      <UniqueIdentifier>{5d433ccf-0948-4b63-b158-c3864df379ff}</UniqueIdentifier>
    </Filter>
    <Filter Include="Source Files\KSP2D\PlanetObjects">
      <UniqueIdentifier>{0a13d30f-2b8b-430d-9748-e251e4812d33}</UniqueIdentifier>
    </Filter>
    <Filter Include="Source Files\KSP2D\RocketPart">
      <UniqueIdentifier>{35477756-1842-4c24-9d05-e79931e039f7}</UniqueIdentifier>
    </Filter>
    <Filter Include="Source Files\KSP2D\RocketPart\Gadget">
      <UniqueIdentifier>{c27c222a-d9ce-4387-a31f-3302b4fd7b61}</UniqueIdentifier>
    </Filter>
    <Filter Include="Source Files\KSP2D\Spacecraft">
      <UniqueIdentifier>{7457de11-af1d-4104-94bd-07542ff0c50c}</UniqueIdentifier>
    </Filter>
    <Filter Include="Header Files\rapidjson">
      <UniqueIdentifier>{274cfecd-dfb7-49f7-b44b-7185d1b1b876}</UniqueIdentifier>
    </Filter>
    <Filter Include="Header Files\rapidjson\error">
      <UniqueIdentifier>{a817e596-3f06-4078-92f3-5fbfa96a643f}</UniqueIdentifier>
    </Filter>
    <Filter Include="Header Files\rapidjson\internal">
      <UniqueIdentifier>{d913d9b5-3be2-404a-b108-73f9e56fbf88}</UniqueIdentifier>
    </Filter>
    <Filter Include="Header Files\rapidjson\msinttypes">
      <UniqueIdentifier>{9f97b573-93a0-4bf9-9ee1-29d6dd9efe34}</UniqueIdentifier>
    </Filter>
    <Filter Include="Source Files\SLD2_gfx_src">
      <UniqueIdentifier>{34013513-dea1-4fa0-a4df-51c652bcde35}</UniqueIdentifier>
    </Filter>
    <Filter Include="Source Files\SLD2_gfx_src\include">
      <UniqueIdentifier>{98c6cdde-2e9c-4bcd-902c-b3092f5c4d8b}</UniqueIdentifier>
    </Filter>
  </ItemGroup>
  <ItemGroup>
    <ClInclude Include="header.h">
      <Filter>Header Files</Filter>
    </ClInclude>
    <ClInclude Include="BaseEngine.h">
      <Filter>Header Files\1 Framework</Filter>
    </ClInclude>
    <ClInclude Include="DisplayableObject.h">
      <Filter>Header Files\1 Framework</Filter>
    </ClInclude>
    <ClInclude Include="FontManager.h">
      <Filter>Header Files\1 Framework</Filter>
    </ClInclude>
    <ClInclude Include="MovementPosition.h">
      <Filter>Header Files\1 Framework</Filter>
    </ClInclude>
    <ClInclude Include="templates.h">
      <Filter>Header Files\1 Framework</Filter>
    </ClInclude>
    <ClInclude Include="TileManager.h">
      <Filter>Header Files\1 Framework</Filter>
    </ClInclude>
    <ClInclude Include="ImageObject.h">
      <Filter>Header Files\1 Framework</Filter>
    </ClInclude>
    <ClInclude Include="RawImage.h">
      <Filter>Header Files\2 Advanced Framework</Filter>
    </ClInclude>
    <ClInclude Include="DragableObject.h">
      <Filter>Header Files\2 Advanced Framework</Filter>
    </ClInclude>
    <ClInclude Include="FilterPoints.h">
      <Filter>Header Files\2 Advanced Framework</Filter>
    </ClInclude>
    <ClInclude Include="DisplayableObjectContainer.h">
      <Filter>Header Files\1 Framework</Filter>
    </ClInclude>
    <ClInclude Include="DragAlignment.h">
      <Filter>Header Files\2 Advanced Framework</Filter>
    </ClInclude>
    <ClInclude Include="DrawingFilters.h">
      <Filter>Header Files\2 Advanced Framework</Filter>
    </ClInclude>
    <ClInclude Include="DrawingSurface.h">
      <Filter>Header Files\2 Advanced Framework</Filter>
    </ClInclude>
    <ClInclude Include="CollisionDetection.h">
      <Filter>Header Files\1 Framework</Filter>
    </ClInclude>
    <ClInclude Include="DragableImageObject.h">
      <Filter>Header Files\2 Advanced Framework</Filter>
    </ClInclude>
    <ClInclude Include="ImageManager.h">
      <Filter>Header Files\1 Framework</Filter>
    </ClInclude>
    <ClInclude Include="SimpleImage.h">
      <Filter>Header Files\1 Framework</Filter>
    </ClInclude>
    <ClInclude Include="SimpleTrig.h">
      <Filter>Header Files\2 Advanced Framework</Filter>
    </ClInclude>
    <ClInclude Include="SimpleFlashingDragableImageObject.h">
      <Filter>Header Files\2 Advanced Framework</Filter>
    </ClInclude>
    <ClInclude Include="DragableBaseClassObject.h">
      <Filter>Header Files\2 Advanced Framework</Filter>
    </ClInclude>
    <ClInclude Include="CoordinateMapping.h">
      <Filter>Header Files\2 Advanced Framework</Filter>
    </ClInclude>
    <ClInclude Include="MappableImageObject.h">
      <Filter>Header Files\2 Advanced Framework</Filter>
    </ClInclude>
    <ClInclude Include="..\ksp2d_src\KSP.h">
      <Filter>Source Files\KSP2D</Filter>
    </ClInclude>
    <ClInclude Include="..\ksp2d_src\KSP2D.h">
      <Filter>Source Files\KSP2D</Filter>
    </ClInclude>
    <ClInclude Include="..\ksp2d_src\KSPFilterPoints.h">
      <Filter>Source Files\KSP2D</Filter>
    </ClInclude>
    <ClInclude Include="..\ksp2d_src\GUI\BuilderUI.h">
      <Filter>Source Files\KSP2D\GUI</Filter>
    </ClInclude>
    <ClInclude Include="..\ksp2d_src\GUI\GUIButton.h">
      <Filter>Source Files\KSP2D\GUI</Filter>
    </ClInclude>
    <ClInclude Include="..\ksp2d_src\GUI\GUIManager.h">
      <Filter>Source Files\KSP2D\GUI</Filter>
    </ClInclude>
    <ClInclude Include="..\ksp2d_src\GUI\GUISlider.h">
      <Filter>Source Files\KSP2D\GUI</Filter>
    </ClInclude>
    <ClInclude Include="..\ksp2d_src\GUI\GUITextbox.h">
      <Filter>Source Files\KSP2D\GUI</Filter>
    </ClInclude>
    <ClInclude Include="..\ksp2d_src\GUI\PartCatalogue.h">
      <Filter>Source Files\KSP2D\GUI</Filter>
    </ClInclude>
    <ClInclude Include="..\ksp2d_src\GUI\SpacecraftControls.h">
      <Filter>Source Files\KSP2D\GUI</Filter>
    </ClInclude>
    <ClInclude Include="..\ksp2d_src\RocketPart\Gadget\AntennaGadget.h">
      <Filter>Source Files\KSP2D\RocketPart\Gadget</Filter>
    </ClInclude>
    <ClInclude Include="..\ksp2d_src\RocketPart\Gadget\ControllerGadget.h">
      <Filter>Source Files\KSP2D\RocketPart\Gadget</Filter>
    </ClInclude>
    <ClInclude Include="..\ksp2d_src\RocketPart\Gadget\CrewContainerGadget.h">
      <Filter>Source Files\KSP2D\RocketPart\Gadget</Filter>
    </ClInclude>
    <ClInclude Include="..\ksp2d_src\RocketPart\Gadget\DecouplerGadget.h">
      <Filter>Source Files\KSP2D\RocketPart\Gadget</Filter>
    </ClInclude>
    <ClInclude Include="..\ksp2d_src\RocketPart\Gadget\FuelThrusterGadget.h">
      <Filter>Source Files\KSP2D\RocketPart\Gadget</Filter>
    </ClInclude>
    <ClInclude Include="..\ksp2d_src\RocketPart\Gadget\Gadget.h">
      <Filter>Source Files\KSP2D\RocketPart\Gadget</Filter>
    </ClInclude>
    <ClInclude Include="..\ksp2d_src\RocketPart\Gadget\Gadgets.h">
      <Filter>Source Files\KSP2D\RocketPart\Gadget</Filter>
    </ClInclude>
    <ClInclude Include="..\ksp2d_src\RocketPart\Gadget\IonThrusterGadget.h">
      <Filter>Source Files\KSP2D\RocketPart\Gadget</Filter>
    </ClInclude>
    <ClInclude Include="..\ksp2d_src\RocketPart\Gadget\MonopropThrusterGadget.h">
      <Filter>Source Files\KSP2D\RocketPart\Gadget</Filter>
    </ClInclude>
    <ClInclude Include="..\ksp2d_src\RocketPart\Gadget\ReactionWheelGadget.h">
      <Filter>Source Files\KSP2D\RocketPart\Gadget</Filter>
    </ClInclude>
    <ClInclude Include="..\ksp2d_src\RocketPart\Gadget\SolarPanelGadget.h">
      <Filter>Source Files\KSP2D\RocketPart\Gadget</Filter>
    </ClInclude>
    <ClInclude Include="..\ksp2d_src\Orbital\CelestialBody.h">
      <Filter>Source Files\KSP2D\Orbital</Filter>
    </ClInclude>
    <ClInclude Include="..\ksp2d_src\Orbital\Planet.h">
      <Filter>Source Files\KSP2D\Orbital</Filter>
    </ClInclude>
    <ClInclude Include="..\ksp2d_src\Orbital\Sun.h">
      <Filter>Source Files\KSP2D\Orbital</Filter>
    </ClInclude>
    <ClInclude Include="..\ksp2d_src\PhysUtils\FastVec2D.h">
      <Filter>Source Files\KSP2D\PhysUtils</Filter>
    </ClInclude>
    <ClInclude Include="..\ksp2d_src\PhysUtils\Mat22.h">
      <Filter>Source Files\KSP2D\PhysUtils</Filter>
    </ClInclude>
    <ClInclude Include="..\ksp2d_src\PhysUtils\PhysObject.h">
      <Filter>Source Files\KSP2D\PhysUtils</Filter>
    </ClInclude>
    <ClInclude Include="..\ksp2d_src\PhysUtils\Projection.h">
      <Filter>Source Files\KSP2D\PhysUtils</Filter>
    </ClInclude>
    <ClInclude Include="..\ksp2d_src\PhysUtils\Vec2D.h">
      <Filter>Source Files\KSP2D\PhysUtils</Filter>
    </ClInclude>
    <ClInclude Include="..\ksp2d_src\PlanetObjects\PlanetObject.h">
      <Filter>Source Files\KSP2D\PlanetObjects</Filter>
    </ClInclude>
    <ClInclude Include="..\ksp2d_src\RocketPart\KSPMetaManager.h">
      <Filter>Source Files\KSP2D\RocketPart</Filter>
    </ClInclude>
    <ClInclude Include="..\ksp2d_src\RocketPart\PartSprite.h">
      <Filter>Source Files\KSP2D\RocketPart</Filter>
    </ClInclude>
    <ClInclude Include="..\ksp2d_src\RocketPart\RocketPart.h">
      <Filter>Source Files\KSP2D\RocketPart</Filter>
    </ClInclude>
    <ClInclude Include="..\ksp2d_src\RocketPart\SpacecraftParts.h">
      <Filter>Source Files\KSP2D\RocketPart</Filter>
    </ClInclude>
    <ClInclude Include="..\ksp2d_src\Spacecraft\AnimatedSprite.h">
      <Filter>Source Files\KSP2D\Spacecraft</Filter>
    </ClInclude>
    <ClInclude Include="..\ksp2d_src\Spacecraft\BasicSpacecraft.h">
      <Filter>Source Files\KSP2D\Spacecraft</Filter>
    </ClInclude>
    <ClInclude Include="..\ksp2d_src\Spacecraft\Spacecraft.h">
      <Filter>Source Files\KSP2D\Spacecraft</Filter>
    </ClInclude>
    <ClInclude Include="..\rapidjson\allocators.h">
      <Filter>Header Files\rapidjson</Filter>
    </ClInclude>
    <ClInclude Include="..\rapidjson\cursorstreamwrapper.h">
      <Filter>Header Files\rapidjson</Filter>
    </ClInclude>
    <ClInclude Include="..\rapidjson\document.h">
      <Filter>Header Files\rapidjson</Filter>
    </ClInclude>
    <ClInclude Include="..\rapidjson\encodedstream.h">
      <Filter>Header Files\rapidjson</Filter>
    </ClInclude>
    <ClInclude Include="..\rapidjson\encodings.h">
      <Filter>Header Files\rapidjson</Filter>
    </ClInclude>
    <ClInclude Include="..\rapidjson\filereadstream.h">
      <Filter>Header Files\rapidjson</Filter>
    </ClInclude>
    <ClInclude Include="..\rapidjson\filewritestream.h">
      <Filter>Header Files\rapidjson</Filter>
    </ClInclude>
    <ClInclude Include="..\rapidjson\fwd.h">
      <Filter>Header Files\rapidjson</Filter>
    </ClInclude>
    <ClInclude Include="..\rapidjson\istreamwrapper.h">
      <Filter>Header Files\rapidjson</Filter>
    </ClInclude>
    <ClInclude Include="..\rapidjson\memorybuffer.h">
      <Filter>Header Files\rapidjson</Filter>
    </ClInclude>
    <ClInclude Include="..\rapidjson\memorystream.h">
      <Filter>Header Files\rapidjson</Filter>
    </ClInclude>
    <ClInclude Include="..\rapidjson\ostreamwrapper.h">
      <Filter>Header Files\rapidjson</Filter>
    </ClInclude>
    <ClInclude Include="..\rapidjson\pointer.h">
      <Filter>Header Files\rapidjson</Filter>
    </ClInclude>
    <ClInclude Include="..\rapidjson\prettywriter.h">
      <Filter>Header Files\rapidjson</Filter>
    </ClInclude>
    <ClInclude Include="..\rapidjson\rapidjson.h">
      <Filter>Header Files\rapidjson</Filter>
    </ClInclude>
    <ClInclude Include="..\rapidjson\reader.h">
      <Filter>Header Files\rapidjson</Filter>
    </ClInclude>
    <ClInclude Include="..\rapidjson\schema.h">
      <Filter>Header Files\rapidjson</Filter>
    </ClInclude>
    <ClInclude Include="..\rapidjson\stream.h">
      <Filter>Header Files\rapidjson</Filter>
    </ClInclude>
    <ClInclude Include="..\rapidjson\stringbuffer.h">
      <Filter>Header Files\rapidjson</Filter>
    </ClInclude>
    <ClInclude Include="..\rapidjson\writer.h">
      <Filter>Header Files\rapidjson</Filter>
    </ClInclude>
    <ClInclude Include="..\rapidjson\msinttypes\inttypes.h">
      <Filter>Header Files\rapidjson\msinttypes</Filter>
    </ClInclude>
    <ClInclude Include="..\rapidjson\msinttypes\stdint.h">
      <Filter>Header Files\rapidjson\msinttypes</Filter>
    </ClInclude>
    <ClInclude Include="..\rapidjson\internal\biginteger.h">
      <Filter>Header Files\rapidjson\internal</Filter>
    </ClInclude>
    <ClInclude Include="..\rapidjson\internal\clzll.h">
      <Filter>Header Files\rapidjson\internal</Filter>
    </ClInclude>
    <ClInclude Include="..\rapidjson\internal\diyfp.h">
      <Filter>Header Files\rapidjson\internal</Filter>
    </ClInclude>
    <ClInclude Include="..\rapidjson\internal\dtoa.h">
      <Filter>Header Files\rapidjson\internal</Filter>
    </ClInclude>
    <ClInclude Include="..\rapidjson\internal\ieee754.h">
      <Filter>Header Files\rapidjson\internal</Filter>
    </ClInclude>
    <ClInclude Include="..\rapidjson\internal\itoa.h">
      <Filter>Header Files\rapidjson\internal</Filter>
    </ClInclude>
    <ClInclude Include="..\rapidjson\internal\meta.h">
      <Filter>Header Files\rapidjson\internal</Filter>
    </ClInclude>
    <ClInclude Include="..\rapidjson\internal\pow10.h">
      <Filter>Header Files\rapidjson\internal</Filter>
    </ClInclude>
    <ClInclude Include="..\rapidjson\internal\regex.h">
      <Filter>Header Files\rapidjson\internal</Filter>
    </ClInclude>
    <ClInclude Include="..\rapidjson\internal\stack.h">
      <Filter>Header Files\rapidjson\internal</Filter>
    </ClInclude>
    <ClInclude Include="..\rapidjson\internal\strfunc.h">
      <Filter>Header Files\rapidjson\internal</Filter>
    </ClInclude>
    <ClInclude Include="..\rapidjson\internal\strtod.h">
      <Filter>Header Files\rapidjson\internal</Filter>
    </ClInclude>
    <ClInclude Include="..\rapidjson\internal\swap.h">
      <Filter>Header Files\rapidjson\internal</Filter>
    </ClInclude>
    <ClInclude Include="..\rapidjson\error\en.h">
      <Filter>Header Files\rapidjson\error</Filter>
    </ClInclude>
    <ClInclude Include="..\rapidjson\error\error.h">
      <Filter>Header Files\rapidjson\error</Filter>
    </ClInclude>
    <ClInclude Include="..\SDL2_gfx\include\SDL2_framerate.h">
      <Filter>Source Files\SLD2_gfx_src\include</Filter>
    </ClInclude>
    <ClInclude Include="..\SDL2_gfx\include\SDL2_gfxPrimitives.h">
      <Filter>Source Files\SLD2_gfx_src\include</Filter>
    </ClInclude>
    <ClInclude Include="..\SDL2_gfx\include\SDL2_gfxPrimitives_font.h">
      <Filter>Source Files\SLD2_gfx_src\include</Filter>
    </ClInclude>
    <ClInclude Include="..\SDL2_gfx\include\SDL2_imageFilter.h">
      <Filter>Source Files\SLD2_gfx_src\include</Filter>
    </ClInclude>
    <ClInclude Include="..\SDL2_gfx\include\SDL2_rotozoom.h">
      <Filter>Source Files\SLD2_gfx_src\include</Filter>
    </ClInclude>
  </ItemGroup>
  <ItemGroup>
    <ClCompile Include="BaseEngine.cpp">
      <Filter>Source Files\1 Framework</Filter>
    </ClCompile>
    <ClCompile Include="DisplayableObject.cpp">
      <Filter>Source Files\1 Framework</Filter>
    </ClCompile>
    <ClCompile Include="FontManager.cpp">
      <Filter>Source Files\1 Framework</Filter>
    </ClCompile>
    <ClCompile Include="TileManager.cpp">
      <Filter>Source Files\1 Framework</Filter>
    </ClCompile>
    <ClCompile Include="DrawingSurface.cpp">
      <Filter>Source Files\2 Advanced Framework</Filter>
    </ClCompile>
    <ClCompile Include="RawImage.cpp">
      <Filter>Source Files\2 Advanced Framework</Filter>
    </ClCompile>
    <ClCompile Include="SimpleImage.cpp">
      <Filter>Source Files\1 Framework</Filter>
    </ClCompile>
    <ClCompile Include="..\ksp2d_src\KSP2D.cpp">
      <Filter>Source Files\KSP2D</Filter>
    </ClCompile>
    <ClCompile Include="..\ksp2d_src\main.cpp">
      <Filter>Source Files\KSP2D</Filter>
    </ClCompile>
    <ClCompile Include="..\ksp2d_src\GUI\BuilderUI.cpp">
      <Filter>Source Files\KSP2D\GUI</Filter>
    </ClCompile>
    <ClCompile Include="..\ksp2d_src\GUI\GUIManager.cpp">
      <Filter>Source Files\KSP2D\GUI</Filter>
    </ClCompile>
    <ClCompile Include="..\ksp2d_src\GUI\SpacecraftControls.cpp">
      <Filter>Source Files\KSP2D\GUI</Filter>
    </ClCompile>
    <ClCompile Include="..\ksp2d_src\Orbital\CelestialBody.cpp">
      <Filter>Source Files\KSP2D\Orbital</Filter>
    </ClCompile>
    <ClCompile Include="..\ksp2d_src\PhysUtils\PhysObject.cpp">
      <Filter>Source Files\KSP2D\PhysUtils</Filter>
    </ClCompile>
    <ClCompile Include="..\ksp2d_src\PlanetObjects\PlanetObject.cpp">
      <Filter>Source Files\KSP2D\PlanetObjects</Filter>
    </ClCompile>
    <ClCompile Include="..\ksp2d_src\RocketPart\KSPMetaManager.cpp">
      <Filter>Source Files\KSP2D\RocketPart</Filter>
    </ClCompile>
    <ClCompile Include="..\ksp2d_src\RocketPart\PartSprite.cpp">
      <Filter>Source Files\KSP2D\RocketPart</Filter>
    </ClCompile>
    <ClCompile Include="..\ksp2d_src\RocketPart\RocketPart.cpp">
      <Filter>Source Files\KSP2D\RocketPart</Filter>
    </ClCompile>
    <ClCompile Include="..\ksp2d_src\RocketPart\SpacecraftParts.cpp">
      <Filter>Source Files\KSP2D\RocketPart</Filter>
    </ClCompile>
    <ClCompile Include="..\ksp2d_src\Spacecraft\BasicSpacecraft.cpp">
      <Filter>Source Files\KSP2D\Spacecraft</Filter>
    </ClCompile>
    <ClCompile Include="..\ksp2d_src\Spacecraft\Spacecraft.cpp">
      <Filter>Source Files\KSP2D\Spacecraft</Filter>
    </ClCompile>
    <ClCompile Include="..\SDL2_gfx\SDL2_framerate.c">
      <Filter>Source Files\SLD2_gfx_src</Filter>
    </ClCompile>
    <ClCompile Include="..\SDL2_gfx\SDL2_gfxPrimitives.c">
      <Filter>Source Files\SLD2_gfx_src</Filter>
    </ClCompile>
    <ClCompile Include="..\SDL2_gfx\SDL2_imageFilter.c">
      <Filter>Source Files\SLD2_gfx_src</Filter>
    </ClCompile>
    <ClCompile Include="..\SDL2_gfx\SDL2_rotozoom.c">
      <Filter>Source Files\SLD2_gfx_src</Filter>
    </ClCompile>
  </ItemGroup>
</Project>